
Microsoft Visual Studio Solution File, Format Version 12.00
# Visual Studio Version 16
VisualStudioVersion = 16.0.31729.503
MinimumVisualStudioVersion = 10.0.40219.1
Project("{FAE04EC0-301F-11D3-BF4B-00C04F79EFBC}") = "AppV", "AppV\AppV.csproj", "{BA4E26E4-C0DC-45A2-AA91-6803CD9364FB}"
EndProject
Global
	GlobalSection(SolutionConfigurationPlatforms) = preSolution
		Debug|Any CPU = Debug|Any CPU
		Release|Any CPU = Release|Any CPU
	EndGlobalSection
	GlobalSection(ProjectConfigurationPlatforms) = postSolution
		{BA4E26E4-C0DC-45A2-AA91-6803CD9364FB}.Debug|Any CPU.ActiveCfg = Debug|Any CPU
		{BA4E26E4-C0DC-45A2-AA91-6803CD9364FB}.Debug|Any CPU.Build.0 = Debug|Any CPU
		{BA4E26E4-C0DC-45A2-AA91-6803CD9364FB}.Release|Any CPU.ActiveCfg = Release|Any CPU
		{BA4E26E4-C0DC-45A2-AA91-6803CD9364FB}.Release|Any CPU.Build.0 = Release|Any CPU
	EndGlobalSection
	GlobalSection(SolutionProperties) = preSolution
		HideSolutionNode = FALSE
	EndGlobalSection
	GlobalSection(ExtensibilityGlobals) = postSolution
		SolutionGuid = {6D749948-5A73-425D-8D61-B5E30471CAA7}
	EndGlobalSection
EndGlobal
